
Microsoft Visual Studio Solution File, Format Version 12.00
# Visual Studio Version 17
VisualStudioVersion = 17.5.33424.131
MinimumVisualStudioVersion = 10.0.40219.1
Project("{FAE04EC0-301F-11D3-BF4B-00C04F79EFBC}") = "CarClassLibrary", "CarClassLibrary\CarClassLibrary.csproj", "{61FD69B4-6FAE-4AAE-BC1B-C4BAC1AFA5C5}"
EndProject
Project("{FAE04EC0-301F-11D3-BF4B-00C04F79EFBC}") = "CarShopConsoleApp", "CarShopConsoleApp\CarShopConsoleApp.csproj", "{7D3C8F31-9B7B-428B-8A46-082DD135D92E}"
EndProject
Global
	GlobalSection(SolutionConfigurationPlatforms) = preSolution
		Debug|Any CPU = Debug|Any CPU
		Release|Any CPU = Release|Any CPU
	EndGlobalSection
	GlobalSection(ProjectConfigurationPlatforms) = postSolution
		{61FD69B4-6FAE-4AAE-BC1B-C4BAC1AFA5C5}.Debug|Any CPU.ActiveCfg = Debug|Any CPU
		{61FD69B4-6FAE-4AAE-BC1B-C4BAC1AFA5C5}.Debug|Any CPU.Build.0 = Debug|Any CPU
		{61FD69B4-6FAE-4AAE-BC1B-C4BAC1AFA5C5}.Release|Any CPU.ActiveCfg = Release|Any CPU
		{61FD69B4-6FAE-4AAE-BC1B-C4BAC1AFA5C5}.Release|Any CPU.Build.0 = Release|Any CPU
		{7D3C8F31-9B7B-428B-8A46-082DD135D92E}.Debug|Any CPU.ActiveCfg = Debug|Any CPU
		{7D3C8F31-9B7B-428B-8A46-082DD135D92E}.Debug|Any CPU.Build.0 = Debug|Any CPU
		{7D3C8F31-9B7B-428B-8A46-082DD135D92E}.Release|Any CPU.ActiveCfg = Release|Any CPU
		{7D3C8F31-9B7B-428B-8A46-082DD135D92E}.Release|Any CPU.Build.0 = Release|Any CPU
	EndGlobalSection
	GlobalSection(SolutionProperties) = preSolution
		HideSolutionNode = FALSE
	EndGlobalSection
	GlobalSection(ExtensibilityGlobals) = postSolution
		SolutionGuid = {FA2564BB-2FB4-4569-9C5C-E58278516EE0}
	EndGlobalSection
EndGlobal
